
Microsoft Visual Studio Solution File, Format Version 11.00
# Visual Studio 2010
Project("{FAE04EC0-301F-11D3-BF4B-00C04F79EFBC}") = "MusicBrowser", "MusicBrowser2\MusicBrowser.csproj", "{455E3B6A-B80B-432B-BBAA-936C625FECF6}"
EndProject
Project("{FAE04EC0-301F-11D3-BF4B-00C04F79EFBC}") = "LastFM", "PlugIns\LastFMProvider\LastFM.csproj", "{A2075E0C-2D45-444F-8977-88E2B1BC12F4}"
EndProject
Project("{FAE04EC0-301F-11D3-BF4B-00C04F79EFBC}") = "HTBackdrop", "PlugIns\HTBackdropProvider\HTBackdrop.csproj", "{9D18333B-14FE-4DC0-BEFA-6131D70898B1}"
EndProject
Project("{FAE04EC0-301F-11D3-BF4B-00C04F79EFBC}") = "White", "PlugIns\WhiteTheme\White.csproj", "{BBBE0CD9-B3A3-4712-8BB5-7B27C8DC1205}"
EndProject
Project("{FAE04EC0-301F-11D3-BF4B-00C04F79EFBC}") = "FileSystem", "PlugIns\ProviderFileSystem\ProviderFileSystem\FileSystem.csproj", "{B97F7407-E50C-4C74-BA3D-27036AC4BB59}"
EndProject
Project("{FAE04EC0-301F-11D3-BF4B-00C04F79EFBC}") = "FanArt.tv", "PlugIns\ProviderFanArtTV\ProviderFanArtTV\FanArt.tv.csproj", "{2645C8D7-AA61-41B9-9349-B6A1AD248404}"
EndProject
Project("{FAE04EC0-301F-11D3-BF4B-00C04F79EFBC}") = "_Billboard", "PlugIns\ProviderBillboard\ProviderBillboard\_Billboard.csproj", "{390D7670-433E-4BCF-B84C-00925346EC09}"
EndProject
Project("{2150E333-8FDC-42A3-9474-1A3956D46DE8}") = "Themes", "Themes", "{F3C75285-1BEF-4CE0-94CD-41F42C49DE7F}"
EndProject
Project("{2150E333-8FDC-42A3-9474-1A3956D46DE8}") = "Providers", "Providers", "{E52DE077-7877-424C-A6C0-A430C2E3034B}"
EndProject
Project("{FAE04EC0-301F-11D3-BF4B-00C04F79EFBC}") = "MediaBrowserXMLReader", "PlugIns\MediaBrowserXMLReader\MediaBrowserXMLReader.csproj", "{3B78D676-996A-4955-B8AC-67342E05E510}"
EndProject
Project("{FAE04EC0-301F-11D3-BF4B-00C04F79EFBC}") = "_EchoNest", "PlugIns\_EchoNest\_EchoNest.csproj", "{CAF58113-9FE5-465F-B6D4-E838F97EF40E}"
EndProject
Project("{FAE04EC0-301F-11D3-BF4B-00C04F79EFBC}") = "BasicViews", "PlugIns\BasicViews\BasicViews\BasicViews.csproj", "{64053125-A87D-49A3-BE0B-0A4F7C5D38FD}"
EndProject
Global
	GlobalSection(SolutionConfigurationPlatforms) = preSolution
		Debug|Any CPU = Debug|Any CPU
		Debug|Mixed Platforms = Debug|Mixed Platforms
		Debug|x86 = Debug|x86
		Release|Any CPU = Release|Any CPU
		Release|Mixed Platforms = Release|Mixed Platforms
		Release|x86 = Release|x86
	EndGlobalSection
	GlobalSection(ProjectConfigurationPlatforms) = postSolution
		{455E3B6A-B80B-432B-BBAA-936C625FECF6}.Debug|Any CPU.ActiveCfg = Debug|Any CPU
		{455E3B6A-B80B-432B-BBAA-936C625FECF6}.Debug|Any CPU.Build.0 = Debug|Any CPU
		{455E3B6A-B80B-432B-BBAA-936C625FECF6}.Debug|Mixed Platforms.ActiveCfg = Debug|x86
		{455E3B6A-B80B-432B-BBAA-936C625FECF6}.Debug|Mixed Platforms.Build.0 = Debug|x86
		{455E3B6A-B80B-432B-BBAA-936C625FECF6}.Debug|x86.ActiveCfg = Debug|x86
		{455E3B6A-B80B-432B-BBAA-936C625FECF6}.Debug|x86.Build.0 = Debug|x86
		{455E3B6A-B80B-432B-BBAA-936C625FECF6}.Release|Any CPU.ActiveCfg = Release|Any CPU
		{455E3B6A-B80B-432B-BBAA-936C625FECF6}.Release|Any CPU.Build.0 = Release|Any CPU
		{455E3B6A-B80B-432B-BBAA-936C625FECF6}.Release|Mixed Platforms.ActiveCfg = Release|Any CPU
		{455E3B6A-B80B-432B-BBAA-936C625FECF6}.Release|Mixed Platforms.Build.0 = Release|Any CPU
		{455E3B6A-B80B-432B-BBAA-936C625FECF6}.Release|x86.ActiveCfg = Release|x86
		{455E3B6A-B80B-432B-BBAA-936C625FECF6}.Release|x86.Build.0 = Release|x86
		{A2075E0C-2D45-444F-8977-88E2B1BC12F4}.Debug|Any CPU.ActiveCfg = Debug|Any CPU
		{A2075E0C-2D45-444F-8977-88E2B1BC12F4}.Debug|Any CPU.Build.0 = Debug|Any CPU
		{A2075E0C-2D45-444F-8977-88E2B1BC12F4}.Debug|Mixed Platforms.ActiveCfg = Debug|Any CPU
		{A2075E0C-2D45-444F-8977-88E2B1BC12F4}.Debug|Mixed Platforms.Build.0 = Debug|Any CPU
		{A2075E0C-2D45-444F-8977-88E2B1BC12F4}.Debug|x86.ActiveCfg = Debug|Any CPU
		{A2075E0C-2D45-444F-8977-88E2B1BC12F4}.Release|Any CPU.ActiveCfg = Release|Any CPU
		{A2075E0C-2D45-444F-8977-88E2B1BC12F4}.Release|Any CPU.Build.0 = Release|Any CPU
		{A2075E0C-2D45-444F-8977-88E2B1BC12F4}.Release|Mixed Platforms.ActiveCfg = Release|Any CPU
		{A2075E0C-2D45-444F-8977-88E2B1BC12F4}.Release|Mixed Platforms.Build.0 = Release|Any CPU
		{A2075E0C-2D45-444F-8977-88E2B1BC12F4}.Release|x86.ActiveCfg = Release|Any CPU
		{9D18333B-14FE-4DC0-BEFA-6131D70898B1}.Debug|Any CPU.ActiveCfg = Debug|Any CPU
		{9D18333B-14FE-4DC0-BEFA-6131D70898B1}.Debug|Any CPU.Build.0 = Debug|Any CPU
		{9D18333B-14FE-4DC0-BEFA-6131D70898B1}.Debug|Mixed Platforms.ActiveCfg = Debug|Any CPU
		{9D18333B-14FE-4DC0-BEFA-6131D70898B1}.Debug|Mixed Platforms.Build.0 = Debug|Any CPU
		{9D18333B-14FE-4DC0-BEFA-6131D70898B1}.Debug|x86.ActiveCfg = Debug|Any CPU
		{9D18333B-14FE-4DC0-BEFA-6131D70898B1}.Release|Any CPU.ActiveCfg = Release|Any CPU
		{9D18333B-14FE-4DC0-BEFA-6131D70898B1}.Release|Any CPU.Build.0 = Release|Any CPU
		{9D18333B-14FE-4DC0-BEFA-6131D70898B1}.Release|Mixed Platforms.ActiveCfg = Release|Any CPU
		{9D18333B-14FE-4DC0-BEFA-6131D70898B1}.Release|Mixed Platforms.Build.0 = Release|Any CPU
		{9D18333B-14FE-4DC0-BEFA-6131D70898B1}.Release|x86.ActiveCfg = Release|Any CPU
		{BBBE0CD9-B3A3-4712-8BB5-7B27C8DC1205}.Debug|Any CPU.ActiveCfg = Debug|Any CPU
		{BBBE0CD9-B3A3-4712-8BB5-7B27C8DC1205}.Debug|Any CPU.Build.0 = Debug|Any CPU
		{BBBE0CD9-B3A3-4712-8BB5-7B27C8DC1205}.Debug|Mixed Platforms.ActiveCfg = Debug|Any CPU
		{BBBE0CD9-B3A3-4712-8BB5-7B27C8DC1205}.Debug|Mixed Platforms.Build.0 = Debug|Any CPU
		{BBBE0CD9-B3A3-4712-8BB5-7B27C8DC1205}.Debug|x86.ActiveCfg = Debug|Any CPU
		{BBBE0CD9-B3A3-4712-8BB5-7B27C8DC1205}.Release|Any CPU.ActiveCfg = Release|Any CPU
		{BBBE0CD9-B3A3-4712-8BB5-7B27C8DC1205}.Release|Any CPU.Build.0 = Release|Any CPU
		{BBBE0CD9-B3A3-4712-8BB5-7B27C8DC1205}.Release|Mixed Platforms.ActiveCfg = Release|Any CPU
		{BBBE0CD9-B3A3-4712-8BB5-7B27C8DC1205}.Release|Mixed Platforms.Build.0 = Release|Any CPU
		{BBBE0CD9-B3A3-4712-8BB5-7B27C8DC1205}.Release|x86.ActiveCfg = Release|Any CPU
		{B97F7407-E50C-4C74-BA3D-27036AC4BB59}.Debug|Any CPU.ActiveCfg = Debug|Any CPU
		{B97F7407-E50C-4C74-BA3D-27036AC4BB59}.Debug|Any CPU.Build.0 = Debug|Any CPU
		{B97F7407-E50C-4C74-BA3D-27036AC4BB59}.Debug|Mixed Platforms.ActiveCfg = Debug|Any CPU
		{B97F7407-E50C-4C74-BA3D-27036AC4BB59}.Debug|Mixed Platforms.Build.0 = Debug|Any CPU
		{B97F7407-E50C-4C74-BA3D-27036AC4BB59}.Debug|x86.ActiveCfg = Debug|Any CPU
		{B97F7407-E50C-4C74-BA3D-27036AC4BB59}.Release|Any CPU.ActiveCfg = Release|Any CPU
		{B97F7407-E50C-4C74-BA3D-27036AC4BB59}.Release|Any CPU.Build.0 = Release|Any CPU
		{B97F7407-E50C-4C74-BA3D-27036AC4BB59}.Release|Mixed Platforms.ActiveCfg = Release|Any CPU
		{B97F7407-E50C-4C74-BA3D-27036AC4BB59}.Release|Mixed Platforms.Build.0 = Release|Any CPU
		{B97F7407-E50C-4C74-BA3D-27036AC4BB59}.Release|x86.ActiveCfg = Release|Any CPU
		{2645C8D7-AA61-41B9-9349-B6A1AD248404}.Debug|Any CPU.ActiveCfg = Debug|Any CPU
		{2645C8D7-AA61-41B9-9349-B6A1AD248404}.Debug|Any CPU.Build.0 = Debug|Any CPU
		{2645C8D7-AA61-41B9-9349-B6A1AD248404}.Debug|Mixed Platforms.ActiveCfg = Debug|Any CPU
		{2645C8D7-AA61-41B9-9349-B6A1AD248404}.Debug|Mixed Platforms.Build.0 = Debug|Any CPU
		{2645C8D7-AA61-41B9-9349-B6A1AD248404}.Debug|x86.ActiveCfg = Debug|Any CPU
		{2645C8D7-AA61-41B9-9349-B6A1AD248404}.Release|Any CPU.ActiveCfg = Release|Any CPU
		{2645C8D7-AA61-41B9-9349-B6A1AD248404}.Release|Any CPU.Build.0 = Release|Any CPU
		{2645C8D7-AA61-41B9-9349-B6A1AD248404}.Release|Mixed Platforms.ActiveCfg = Release|Any CPU
		{2645C8D7-AA61-41B9-9349-B6A1AD248404}.Release|Mixed Platforms.Build.0 = Release|Any CPU
		{2645C8D7-AA61-41B9-9349-B6A1AD248404}.Release|x86.ActiveCfg = Release|Any CPU
		{390D7670-433E-4BCF-B84C-00925346EC09}.Debug|Any CPU.ActiveCfg = Debug|Any CPU
		{390D7670-433E-4BCF-B84C-00925346EC09}.Debug|Any CPU.Build.0 = Debug|Any CPU
		{390D7670-433E-4BCF-B84C-00925346EC09}.Debug|Mixed Platforms.ActiveCfg = Debug|Any CPU
		{390D7670-433E-4BCF-B84C-00925346EC09}.Debug|Mixed Platforms.Build.0 = Debug|Any CPU
		{390D7670-433E-4BCF-B84C-00925346EC09}.Debug|x86.ActiveCfg = Debug|Any CPU
		{390D7670-433E-4BCF-B84C-00925346EC09}.Release|Any CPU.ActiveCfg = Release|Any CPU
		{390D7670-433E-4BCF-B84C-00925346EC09}.Release|Any CPU.Build.0 = Release|Any CPU
		{390D7670-433E-4BCF-B84C-00925346EC09}.Release|Mixed Platforms.ActiveCfg = Release|Any CPU
		{390D7670-433E-4BCF-B84C-00925346EC09}.Release|Mixed Platforms.Build.0 = Release|Any CPU
		{390D7670-433E-4BCF-B84C-00925346EC09}.Release|x86.ActiveCfg = Release|Any CPU
		{3B78D676-996A-4955-B8AC-67342E05E510}.Debug|Any CPU.ActiveCfg = Debug|Any CPU
		{3B78D676-996A-4955-B8AC-67342E05E510}.Debug|Any CPU.Build.0 = Debug|Any CPU
		{3B78D676-996A-4955-B8AC-67342E05E510}.Debug|Mixed Platforms.ActiveCfg = Debug|Any CPU
		{3B78D676-996A-4955-B8AC-67342E05E510}.Debug|Mixed Platforms.Build.0 = Debug|Any CPU
		{3B78D676-996A-4955-B8AC-67342E05E510}.Debug|x86.ActiveCfg = Debug|Any CPU
		{3B78D676-996A-4955-B8AC-67342E05E510}.Release|Any CPU.ActiveCfg = Release|Any CPU
		{3B78D676-996A-4955-B8AC-67342E05E510}.Release|Any CPU.Build.0 = Release|Any CPU
		{3B78D676-996A-4955-B8AC-67342E05E510}.Release|Mixed Platforms.ActiveCfg = Release|Any CPU
		{3B78D676-996A-4955-B8AC-67342E05E510}.Release|Mixed Platforms.Build.0 = Release|Any CPU
		{3B78D676-996A-4955-B8AC-67342E05E510}.Release|x86.ActiveCfg = Release|Any CPU
		{CAF58113-9FE5-465F-B6D4-E838F97EF40E}.Debug|Any CPU.ActiveCfg = Debug|Any CPU
		{CAF58113-9FE5-465F-B6D4-E838F97EF40E}.Debug|Any CPU.Build.0 = Debug|Any CPU
		{CAF58113-9FE5-465F-B6D4-E838F97EF40E}.Debug|Mixed Platforms.ActiveCfg = Debug|Any CPU
		{CAF58113-9FE5-465F-B6D4-E838F97EF40E}.Debug|Mixed Platforms.Build.0 = Debug|Any CPU
		{CAF58113-9FE5-465F-B6D4-E838F97EF40E}.Debug|x86.ActiveCfg = Debug|Any CPU
		{CAF58113-9FE5-465F-B6D4-E838F97EF40E}.Release|Any CPU.ActiveCfg = Release|Any CPU
		{CAF58113-9FE5-465F-B6D4-E838F97EF40E}.Release|Any CPU.Build.0 = Release|Any CPU
		{CAF58113-9FE5-465F-B6D4-E838F97EF40E}.Release|Mixed Platforms.ActiveCfg = Release|Any CPU
		{CAF58113-9FE5-465F-B6D4-E838F97EF40E}.Release|Mixed Platforms.Build.0 = Release|Any CPU
		{CAF58113-9FE5-465F-B6D4-E838F97EF40E}.Release|x86.ActiveCfg = Release|Any CPU
		{64053125-A87D-49A3-BE0B-0A4F7C5D38FD}.Debug|Any CPU.ActiveCfg = Debug|Any CPU
		{64053125-A87D-49A3-BE0B-0A4F7C5D38FD}.Debug|Any CPU.Build.0 = Debug|Any CPU
		{64053125-A87D-49A3-BE0B-0A4F7C5D38FD}.Debug|Mixed Platforms.ActiveCfg = Debug|Any CPU
		{64053125-A87D-49A3-BE0B-0A4F7C5D38FD}.Debug|Mixed Platforms.Build.0 = Debug|Any CPU
		{64053125-A87D-49A3-BE0B-0A4F7C5D38FD}.Debug|x86.ActiveCfg = Debug|Any CPU
		{64053125-A87D-49A3-BE0B-0A4F7C5D38FD}.Release|Any CPU.ActiveCfg = Release|Any CPU
		{64053125-A87D-49A3-BE0B-0A4F7C5D38FD}.Release|Any CPU.Build.0 = Release|Any CPU
		{64053125-A87D-49A3-BE0B-0A4F7C5D38FD}.Release|Mixed Platforms.ActiveCfg = Release|Any CPU
		{64053125-A87D-49A3-BE0B-0A4F7C5D38FD}.Release|Mixed Platforms.Build.0 = Release|Any CPU
		{64053125-A87D-49A3-BE0B-0A4F7C5D38FD}.Release|x86.ActiveCfg = Release|Any CPU
	EndGlobalSection
	GlobalSection(SolutionProperties) = preSolution
		HideSolutionNode = FALSE
	EndGlobalSection
	GlobalSection(NestedProjects) = preSolution
		{9D18333B-14FE-4DC0-BEFA-6131D70898B1} = {E52DE077-7877-424C-A6C0-A430C2E3034B}
		{B97F7407-E50C-4C74-BA3D-27036AC4BB59} = {E52DE077-7877-424C-A6C0-A430C2E3034B}
		{2645C8D7-AA61-41B9-9349-B6A1AD248404} = {E52DE077-7877-424C-A6C0-A430C2E3034B}
		{390D7670-433E-4BCF-B84C-00925346EC09} = {E52DE077-7877-424C-A6C0-A430C2E3034B}
		{A2075E0C-2D45-444F-8977-88E2B1BC12F4} = {E52DE077-7877-424C-A6C0-A430C2E3034B}
		{3B78D676-996A-4955-B8AC-67342E05E510} = {E52DE077-7877-424C-A6C0-A430C2E3034B}
		{CAF58113-9FE5-465F-B6D4-E838F97EF40E} = {E52DE077-7877-424C-A6C0-A430C2E3034B}
		{64053125-A87D-49A3-BE0B-0A4F7C5D38FD} = {E52DE077-7877-424C-A6C0-A430C2E3034B}
		{BBBE0CD9-B3A3-4712-8BB5-7B27C8DC1205} = {F3C75285-1BEF-4CE0-94CD-41F42C49DE7F}
	EndGlobalSection
EndGlobal
